
Microsoft Visual Studio Solution File, Format Version 12.00
# Visual Studio Version 16
VisualStudioVersion = 16.0.31729.503
MinimumVisualStudioVersion = 10.0.40219.1
Project("{FAE04EC0-301F-11D3-BF4B-00C04F79EFBC}") = "FirstCoreApp", "FirstCoreApp.csproj", "{96EC581F-9E7F-4073-825F-F7DCE87C107A}"
EndProject
Project("{FAE04EC0-301F-11D3-BF4B-00C04F79EFBC}") = "FirstCoreApp.Test", "..\FirstCoreApp.Test\FirstCoreApp.Test.csproj", "{185610E1-7B83-4E30-9461-1F72139D3F46}"
EndProject
Global
	GlobalSection(SolutionConfigurationPlatforms) = preSolution
		Debug|Any CPU = Debug|Any CPU
		Release|Any CPU = Release|Any CPU
	EndGlobalSection
	GlobalSection(ProjectConfigurationPlatforms) = postSolution
		{96EC581F-9E7F-4073-825F-F7DCE87C107A}.Debug|Any CPU.ActiveCfg = Debug|Any CPU
		{96EC581F-9E7F-4073-825F-F7DCE87C107A}.Debug|Any CPU.Build.0 = Debug|Any CPU
		{96EC581F-9E7F-4073-825F-F7DCE87C107A}.Release|Any CPU.ActiveCfg = Release|Any CPU
		{96EC581F-9E7F-4073-825F-F7DCE87C107A}.Release|Any CPU.Build.0 = Release|Any CPU
		{185610E1-7B83-4E30-9461-1F72139D3F46}.Debug|Any CPU.ActiveCfg = Debug|Any CPU
		{185610E1-7B83-4E30-9461-1F72139D3F46}.Debug|Any CPU.Build.0 = Debug|Any CPU
		{185610E1-7B83-4E30-9461-1F72139D3F46}.Release|Any CPU.ActiveCfg = Release|Any CPU
		{185610E1-7B83-4E30-9461-1F72139D3F46}.Release|Any CPU.Build.0 = Release|Any CPU
	EndGlobalSection
	GlobalSection(SolutionProperties) = preSolution
		HideSolutionNode = FALSE
	EndGlobalSection
	GlobalSection(ExtensibilityGlobals) = postSolution
		SolutionGuid = {EB2A9260-AC33-4E91-878D-0D9678C4E3AE}
	EndGlobalSection
EndGlobal
